{
  "name": "youtube-mp4-converter",
  "version": "1.0.0",
  "lockfileVersion": 1,
  "requires": true,
  "dependencies": {
    "express": {
      "version": "4.17.1",
      "resolved": "https://registry.npmjs.org/express/-/express-4.17.1.tgz",
      "integrity": "sha512-m...w==",
      "requires": {
        "accepts": "~1.3.7",
        "array-flatten": "1.1.1",
        // ... other dependencies
      }
    },
    "ytdl-core": {
      "version": "4.9.1",
      "resolved": "https://registry.npmjs.org/ytdl-core/-/ytdl-core-4.9.1.tgz",
      "integrity": "sha512-x...w==",
      "requires": {
        "miniget": "^2.0.1",
        "m3u8stream": "^0.7.0",
        // ... other dependencies
      }
    }
  }
}
